
Microsoft Visual Studio Solution File, Format Version 12.00
# Visual Studio Version 16
VisualStudioVersion = 16.0.28922.388
MinimumVisualStudioVersion = 10.0.40219.1
Project("{9092AA53-FB77-4645-B42D-1CCCA6BD08BD}") = "socketIOTest1", "socketIOTest1.njsproj", "{B9861680-CE08-4A56-AF59-7A08ACAA08E7}"
EndProject
Global
	GlobalSection(SolutionConfigurationPlatforms) = preSolution
		Debug|Any CPU = Debug|Any CPU
		Release|Any CPU = Release|Any CPU
	EndGlobalSection
	GlobalSection(ProjectConfigurationPlatforms) = postSolution
		{B9861680-CE08-4A56-AF59-7A08ACAA08E7}.Debug|Any CPU.ActiveCfg = Debug|Any CPU
		{B9861680-CE08-4A56-AF59-7A08ACAA08E7}.Debug|Any CPU.Build.0 = Debug|Any CPU
		{B9861680-CE08-4A56-AF59-7A08ACAA08E7}.Release|Any CPU.ActiveCfg = Release|Any CPU
		{B9861680-CE08-4A56-AF59-7A08ACAA08E7}.Release|Any CPU.Build.0 = Release|Any CPU
	EndGlobalSection
	GlobalSection(SolutionProperties) = preSolution
		HideSolutionNode = FALSE
	EndGlobalSection
	GlobalSection(ExtensibilityGlobals) = postSolution
		SolutionGuid = {14EFFC94-FFB7-413F-A640-310E53867681}
	EndGlobalSection
EndGlobal
